
Microsoft Visual Studio Solution File, Format Version 12.00
# Visual Studio Version 16
VisualStudioVersion = 16.0.30804.86
MinimumVisualStudioVersion = 10.0.40219.1
Project("{FAE04EC0-301F-11D3-BF4B-00C04F79EFBC}") = "FirstSample", "FirstSample\FirstSample.csproj", "{8F7AFE60-2BF7-40AB-812D-B50A31206A1A}"
EndProject
Global
	GlobalSection(SolutionConfigurationPlatforms) = preSolution
		Debug|Any CPU = Debug|Any CPU
		Release|Any CPU = Release|Any CPU
	EndGlobalSection
	GlobalSection(ProjectConfigurationPlatforms) = postSolution
		{8F7AFE60-2BF7-40AB-812D-B50A31206A1A}.Debug|Any CPU.ActiveCfg = Debug|Any CPU
		{8F7AFE60-2BF7-40AB-812D-B50A31206A1A}.Debug|Any CPU.Build.0 = Debug|Any CPU
		{8F7AFE60-2BF7-40AB-812D-B50A31206A1A}.Release|Any CPU.ActiveCfg = Release|Any CPU
		{8F7AFE60-2BF7-40AB-812D-B50A31206A1A}.Release|Any CPU.Build.0 = Release|Any CPU
	EndGlobalSection
	GlobalSection(SolutionProperties) = preSolution
		HideSolutionNode = FALSE
	EndGlobalSection
	GlobalSection(ExtensibilityGlobals) = postSolution
		SolutionGuid = {91F9B6CF-33E9-45DF-85DE-81A47F4B09BB}
	EndGlobalSection
EndGlobal
